
Microsoft Visual Studio Solution File, Format Version 12.00
# Visual Studio Version 17
VisualStudioVersion = 17.6.33829.357
MinimumVisualStudioVersion = 10.0.40219.1
Project("{9A19103F-16F7-4668-BE54-9A1E7A4F7556}") = "DBSync.Core", "DBSync.Core\DBSync.Core.csproj", "{EEF3C6DE-65B8-44A5-A401-E63DBDAFF573}"
EndProject
Project("{9A19103F-16F7-4668-BE54-9A1E7A4F7556}") = "DBSync.Test", "DBSync.Test\DBSync.Test.csproj", "{5E377C7B-70C0-476B-8D64-3E9003004F9B}"
EndProject
Project("{9A19103F-16F7-4668-BE54-9A1E7A4F7556}") = "DBSync.ConsoleApp", "DBSync.ConsoleApp\DBSync.ConsoleApp.csproj", "{3C99DD85-304C-4B35-B8CA-1B8E83740742}"
EndProject
Project("{FAE04EC0-301F-11D3-BF4B-00C04F79EFBC}") = "DBSync.MSSQL", "DBSync.MSSQL\DBSync.MSSQL.csproj", "{3CD24309-A244-4AD1-8C7D-8EB9E7E9D613}"
EndProject
Project("{FAE04EC0-301F-11D3-BF4B-00C04F79EFBC}") = "DBSync.DB", "DBSync.DB\DBSync.DB.csproj", "{9739DD37-10F9-4B2A-AA96-32BF8115C796}"
EndProject
Project("{FAE04EC0-301F-11D3-BF4B-00C04F79EFBC}") = "DBSync.SQLite", "DBSync.SQLite\DBSync.SQLite.csproj", "{039F5107-F5D0-45DB-9971-8B65A34DCF88}"
EndProject
Project("{FAE04EC0-301F-11D3-BF4B-00C04F79EFBC}") = "DBSync.SQL", "DBSync.SQL\DBSync.SQL.csproj", "{2FFE4135-5DAF-4DFA-AD7E-971BA6A15B5A}"
EndProject
Global
	GlobalSection(SolutionConfigurationPlatforms) = preSolution
		Debug|Any CPU = Debug|Any CPU
		Release|Any CPU = Release|Any CPU
	EndGlobalSection
	GlobalSection(ProjectConfigurationPlatforms) = postSolution
		{EEF3C6DE-65B8-44A5-A401-E63DBDAFF573}.Debug|Any CPU.ActiveCfg = Debug|Any CPU
		{EEF3C6DE-65B8-44A5-A401-E63DBDAFF573}.Debug|Any CPU.Build.0 = Debug|Any CPU
		{EEF3C6DE-65B8-44A5-A401-E63DBDAFF573}.Release|Any CPU.ActiveCfg = Release|Any CPU
		{EEF3C6DE-65B8-44A5-A401-E63DBDAFF573}.Release|Any CPU.Build.0 = Release|Any CPU
		{5E377C7B-70C0-476B-8D64-3E9003004F9B}.Debug|Any CPU.ActiveCfg = Debug|Any CPU
		{5E377C7B-70C0-476B-8D64-3E9003004F9B}.Debug|Any CPU.Build.0 = Debug|Any CPU
		{5E377C7B-70C0-476B-8D64-3E9003004F9B}.Release|Any CPU.ActiveCfg = Release|Any CPU
		{5E377C7B-70C0-476B-8D64-3E9003004F9B}.Release|Any CPU.Build.0 = Release|Any CPU
		{3C99DD85-304C-4B35-B8CA-1B8E83740742}.Debug|Any CPU.ActiveCfg = Debug|Any CPU
		{3C99DD85-304C-4B35-B8CA-1B8E83740742}.Debug|Any CPU.Build.0 = Debug|Any CPU
		{3C99DD85-304C-4B35-B8CA-1B8E83740742}.Release|Any CPU.ActiveCfg = Release|Any CPU
		{3C99DD85-304C-4B35-B8CA-1B8E83740742}.Release|Any CPU.Build.0 = Release|Any CPU
		{3CD24309-A244-4AD1-8C7D-8EB9E7E9D613}.Debug|Any CPU.ActiveCfg = Debug|Any CPU
		{3CD24309-A244-4AD1-8C7D-8EB9E7E9D613}.Debug|Any CPU.Build.0 = Debug|Any CPU
		{3CD24309-A244-4AD1-8C7D-8EB9E7E9D613}.Release|Any CPU.ActiveCfg = Release|Any CPU
		{3CD24309-A244-4AD1-8C7D-8EB9E7E9D613}.Release|Any CPU.Build.0 = Release|Any CPU
		{9739DD37-10F9-4B2A-AA96-32BF8115C796}.Debug|Any CPU.ActiveCfg = Debug|Any CPU
		{9739DD37-10F9-4B2A-AA96-32BF8115C796}.Debug|Any CPU.Build.0 = Debug|Any CPU
		{9739DD37-10F9-4B2A-AA96-32BF8115C796}.Release|Any CPU.ActiveCfg = Release|Any CPU
		{9739DD37-10F9-4B2A-AA96-32BF8115C796}.Release|Any CPU.Build.0 = Release|Any CPU
		{039F5107-F5D0-45DB-9971-8B65A34DCF88}.Debug|Any CPU.ActiveCfg = Debug|Any CPU
		{039F5107-F5D0-45DB-9971-8B65A34DCF88}.Debug|Any CPU.Build.0 = Debug|Any CPU
		{039F5107-F5D0-45DB-9971-8B65A34DCF88}.Release|Any CPU.ActiveCfg = Release|Any CPU
		{039F5107-F5D0-45DB-9971-8B65A34DCF88}.Release|Any CPU.Build.0 = Release|Any CPU
		{2FFE4135-5DAF-4DFA-AD7E-971BA6A15B5A}.Debug|Any CPU.ActiveCfg = Debug|Any CPU
		{2FFE4135-5DAF-4DFA-AD7E-971BA6A15B5A}.Debug|Any CPU.Build.0 = Debug|Any CPU
		{2FFE4135-5DAF-4DFA-AD7E-971BA6A15B5A}.Release|Any CPU.ActiveCfg = Release|Any CPU
		{2FFE4135-5DAF-4DFA-AD7E-971BA6A15B5A}.Release|Any CPU.Build.0 = Release|Any CPU
	EndGlobalSection
	GlobalSection(SolutionProperties) = preSolution
		HideSolutionNode = FALSE
	EndGlobalSection
	GlobalSection(ExtensibilityGlobals) = postSolution
		SolutionGuid = {F1207E19-626F-4B6A-BCF4-CC22BC2E8078}
	EndGlobalSection
EndGlobal
