
Microsoft Visual Studio Solution File, Format Version 12.00
# Visual Studio Version 17
VisualStudioVersion = 17.6.33829.357
MinimumVisualStudioVersion = 10.0.40219.1
Project("{9A19103F-16F7-4668-BE54-9A1E7A4F7556}") = "DbSyncKit.Test", "DbSyncKit.Test\DbSyncKit.Test.csproj", "{CD21D927-9FB0-4FEB-91B2-A2BDE5DFF91D}"
EndProject
Project("{9A19103F-16F7-4668-BE54-9A1E7A4F7556}") = "DbSyncKit.Test.SampleContract", "DbSyncKit.Test.Contracts\DbSyncKit.Test.SampleContract.csproj", "{902B8BB8-FEA5-4E1C-9151-5B919D403B26}"
EndProject
Project("{9A19103F-16F7-4668-BE54-9A1E7A4F7556}") = "DbSyncKit.Docs", "DbSyncKit.Docs\DbSyncKit.Docs.csproj", "{990A6285-233E-44F4-9523-9D6A6B8D2933}"
EndProject
Project("{9A19103F-16F7-4668-BE54-9A1E7A4F7556}") = "DbSyncKit.Benchmarks", "DbSyncKit.Benchmarks\DbSyncKit.Benchmarks.csproj", "{68A6A13A-038E-404C-BD79-D20D75562933}"
EndProject
Project("{9A19103F-16F7-4668-BE54-9A1E7A4F7556}") = "DbSyncKit.Core", "DbSyncKit.Core\src\DbSyncKit.Core.csproj", "{95B2BC12-4F10-414B-AFEB-82212A812B52}"
EndProject
Project("{9A19103F-16F7-4668-BE54-9A1E7A4F7556}") = "DbSyncKit.DB", "DbSyncKit.DB\src\DbSyncKit.DB.csproj", "{5B2A50D5-8518-492B-8846-6DD0454E2C16}"
EndProject
Project("{9A19103F-16F7-4668-BE54-9A1E7A4F7556}") = "DbSyncKit.MSSQL", "DbSyncKit.MSSQL\src\DbSyncKit.MSSQL.csproj", "{E398C3C4-30D1-4A9D-B463-49360D9ADCB9}"
EndProject
Project("{9A19103F-16F7-4668-BE54-9A1E7A4F7556}") = "DbSyncKit.MySQL", "DbSyncKit.MySQL\src\DbSyncKit.MySQL.csproj", "{5B0F2294-EB6B-4C33-9E61-D5DC4F8FD57B}"
EndProject
Project("{9A19103F-16F7-4668-BE54-9A1E7A4F7556}") = "DbSyncKit.PostgreSQL", "DbSyncKit.PostgreSQL\src\DbSyncKit.PostgreSQL.csproj", "{77847356-B441-465A-AE8E-6CC012FEB678}"
EndProject
Project("{9A19103F-16F7-4668-BE54-9A1E7A4F7556}") = "DbSyncKit.Templates", "DbSyncKit.Templates\src\DbSyncKit.Templates.csproj", "{0ACC20E8-9AFC-40D3-AB26-F59F3165CB93}"
EndProject
Project("{9A19103F-16F7-4668-BE54-9A1E7A4F7556}") = "DbSyncKit.Templates.MSSQL", "DbSyncKit.Templates.MSSQL\src\DbSyncKit.Templates.MSSQL.csproj", "{47C1B11E-0331-491B-974D-C316C4B0786C}"
EndProject
Project("{9A19103F-16F7-4668-BE54-9A1E7A4F7556}") = "DbSyncKit.Templates.MySQL", "DbSyncKit.Templates.MySQL\src\DbSyncKit.Templates.MySQL.csproj", "{A66E8257-829A-43DD-8843-3DB3D981FF20}"
EndProject
Project("{9A19103F-16F7-4668-BE54-9A1E7A4F7556}") = "DbSyncKit.Templates.PostgreSQL", "DbSyncKit.Templates.PostgreSQL\src\DbSyncKit.Templates.PostgreSQL.csproj", "{D44A57AC-A7B1-476F-AA06-043F40853496}"
EndProject
Project("{9A19103F-16F7-4668-BE54-9A1E7A4F7556}") = "DbSyncKit.DB.Metadata", "DbSyncKit.DB.Metadata\src\DbSyncKit.DB.Metadata.csproj", "{3E9C7F62-06A7-43A4-A2C1-96ACDC632E20}"
EndProject
Project("{9A19103F-16F7-4668-BE54-9A1E7A4F7556}") = "DbSyncKit.MSSQL.Metadata", "DbSyncKit.MSSQL.Metadata\src\DbSyncKit.MSSQL.Metadata.csproj", "{3BDD3BF7-29B5-4C84-BF55-89FE15C6DC88}"
EndProject
Project("{9A19103F-16F7-4668-BE54-9A1E7A4F7556}") = "DbSyncKit.Templates.MSSQL.Metadata", "DbSyncKit.Templates.MSSQL.Metadata\src\DbSyncKit.Templates.MSSQL.Metadata.csproj", "{5452154B-F53E-4346-AD27-14C33135E9A7}"
EndProject
Project("{9A19103F-16F7-4668-BE54-9A1E7A4F7556}") = "DbSyncKit.PostgreSQL.Metadata", "DbSyncKit.PostgreSQL.Metadata\src\DbSyncKit.PostgreSQL.Metadata.csproj", "{5BAF1D3B-B7A9-46CE-9BE8-94CC52B9C1D3}"
EndProject
Project("{9A19103F-16F7-4668-BE54-9A1E7A4F7556}") = "DbSyncKit.Templates.PostgreSQL.Metadata", "DbSyncKit.Templates.PostgreSQL.Metadata\src\DbSyncKit.Templates.PostgreSQL.Metadata.csproj", "{B51935CF-0FFC-438A-903A-0596FD507B03}"
EndProject
Project("{9A19103F-16F7-4668-BE54-9A1E7A4F7556}") = "DbSyncKit.MySQL.Metadata", "DbSyncKit.MySQL.Metadata\src\DbSyncKit.MySQL.Metadata.csproj", "{48314D7A-12BD-4121-AD54-15CAA1077481}"
EndProject
Project("{9A19103F-16F7-4668-BE54-9A1E7A4F7556}") = "DbSyncKit.Templates.MySQL.Metadata", "DbSyncKit.Templates.MySQL.Metadata\src\DbSyncKit.Templates.MySQL.Metadata.csproj", "{04B93290-BFBC-44AE-92B4-485A22B5CCD8}"
EndProject
Global
	GlobalSection(SolutionConfigurationPlatforms) = preSolution
		Debug|Any CPU = Debug|Any CPU
		Release|Any CPU = Release|Any CPU
	EndGlobalSection
	GlobalSection(ProjectConfigurationPlatforms) = postSolution
		{CD21D927-9FB0-4FEB-91B2-A2BDE5DFF91D}.Debug|Any CPU.ActiveCfg = Debug|Any CPU
		{CD21D927-9FB0-4FEB-91B2-A2BDE5DFF91D}.Debug|Any CPU.Build.0 = Debug|Any CPU
		{CD21D927-9FB0-4FEB-91B2-A2BDE5DFF91D}.Release|Any CPU.ActiveCfg = Release|Any CPU
		{CD21D927-9FB0-4FEB-91B2-A2BDE5DFF91D}.Release|Any CPU.Build.0 = Release|Any CPU
		{902B8BB8-FEA5-4E1C-9151-5B919D403B26}.Debug|Any CPU.ActiveCfg = Debug|Any CPU
		{902B8BB8-FEA5-4E1C-9151-5B919D403B26}.Debug|Any CPU.Build.0 = Debug|Any CPU
		{902B8BB8-FEA5-4E1C-9151-5B919D403B26}.Release|Any CPU.ActiveCfg = Release|Any CPU
		{902B8BB8-FEA5-4E1C-9151-5B919D403B26}.Release|Any CPU.Build.0 = Release|Any CPU
		{990A6285-233E-44F4-9523-9D6A6B8D2933}.Debug|Any CPU.ActiveCfg = Debug|Any CPU
		{990A6285-233E-44F4-9523-9D6A6B8D2933}.Debug|Any CPU.Build.0 = Debug|Any CPU
		{990A6285-233E-44F4-9523-9D6A6B8D2933}.Release|Any CPU.ActiveCfg = Release|Any CPU
		{990A6285-233E-44F4-9523-9D6A6B8D2933}.Release|Any CPU.Build.0 = Release|Any CPU
		{68A6A13A-038E-404C-BD79-D20D75562933}.Debug|Any CPU.ActiveCfg = Debug|Any CPU
		{68A6A13A-038E-404C-BD79-D20D75562933}.Debug|Any CPU.Build.0 = Debug|Any CPU
		{68A6A13A-038E-404C-BD79-D20D75562933}.Release|Any CPU.ActiveCfg = Release|Any CPU
		{68A6A13A-038E-404C-BD79-D20D75562933}.Release|Any CPU.Build.0 = Release|Any CPU
		{95B2BC12-4F10-414B-AFEB-82212A812B52}.Debug|Any CPU.ActiveCfg = Debug|Any CPU
		{95B2BC12-4F10-414B-AFEB-82212A812B52}.Debug|Any CPU.Build.0 = Debug|Any CPU
		{95B2BC12-4F10-414B-AFEB-82212A812B52}.Release|Any CPU.ActiveCfg = Release|Any CPU
		{95B2BC12-4F10-414B-AFEB-82212A812B52}.Release|Any CPU.Build.0 = Release|Any CPU
		{5B2A50D5-8518-492B-8846-6DD0454E2C16}.Debug|Any CPU.ActiveCfg = Debug|Any CPU
		{5B2A50D5-8518-492B-8846-6DD0454E2C16}.Debug|Any CPU.Build.0 = Debug|Any CPU
		{5B2A50D5-8518-492B-8846-6DD0454E2C16}.Release|Any CPU.ActiveCfg = Release|Any CPU
		{5B2A50D5-8518-492B-8846-6DD0454E2C16}.Release|Any CPU.Build.0 = Release|Any CPU
		{E398C3C4-30D1-4A9D-B463-49360D9ADCB9}.Debug|Any CPU.ActiveCfg = Debug|Any CPU
		{E398C3C4-30D1-4A9D-B463-49360D9ADCB9}.Debug|Any CPU.Build.0 = Debug|Any CPU
		{E398C3C4-30D1-4A9D-B463-49360D9ADCB9}.Release|Any CPU.ActiveCfg = Release|Any CPU
		{E398C3C4-30D1-4A9D-B463-49360D9ADCB9}.Release|Any CPU.Build.0 = Release|Any CPU
		{5B0F2294-EB6B-4C33-9E61-D5DC4F8FD57B}.Debug|Any CPU.ActiveCfg = Debug|Any CPU
		{5B0F2294-EB6B-4C33-9E61-D5DC4F8FD57B}.Debug|Any CPU.Build.0 = Debug|Any CPU
		{5B0F2294-EB6B-4C33-9E61-D5DC4F8FD57B}.Release|Any CPU.ActiveCfg = Release|Any CPU
		{5B0F2294-EB6B-4C33-9E61-D5DC4F8FD57B}.Release|Any CPU.Build.0 = Release|Any CPU
		{77847356-B441-465A-AE8E-6CC012FEB678}.Debug|Any CPU.ActiveCfg = Debug|Any CPU
		{77847356-B441-465A-AE8E-6CC012FEB678}.Debug|Any CPU.Build.0 = Debug|Any CPU
		{77847356-B441-465A-AE8E-6CC012FEB678}.Release|Any CPU.ActiveCfg = Release|Any CPU
		{77847356-B441-465A-AE8E-6CC012FEB678}.Release|Any CPU.Build.0 = Release|Any CPU
		{0ACC20E8-9AFC-40D3-AB26-F59F3165CB93}.Debug|Any CPU.ActiveCfg = Debug|Any CPU
		{0ACC20E8-9AFC-40D3-AB26-F59F3165CB93}.Debug|Any CPU.Build.0 = Debug|Any CPU
		{0ACC20E8-9AFC-40D3-AB26-F59F3165CB93}.Release|Any CPU.ActiveCfg = Release|Any CPU
		{0ACC20E8-9AFC-40D3-AB26-F59F3165CB93}.Release|Any CPU.Build.0 = Release|Any CPU
		{47C1B11E-0331-491B-974D-C316C4B0786C}.Debug|Any CPU.ActiveCfg = Debug|Any CPU
		{47C1B11E-0331-491B-974D-C316C4B0786C}.Debug|Any CPU.Build.0 = Debug|Any CPU
		{47C1B11E-0331-491B-974D-C316C4B0786C}.Release|Any CPU.ActiveCfg = Release|Any CPU
		{47C1B11E-0331-491B-974D-C316C4B0786C}.Release|Any CPU.Build.0 = Release|Any CPU
		{A66E8257-829A-43DD-8843-3DB3D981FF20}.Debug|Any CPU.ActiveCfg = Debug|Any CPU
		{A66E8257-829A-43DD-8843-3DB3D981FF20}.Debug|Any CPU.Build.0 = Debug|Any CPU
		{A66E8257-829A-43DD-8843-3DB3D981FF20}.Release|Any CPU.ActiveCfg = Release|Any CPU
		{A66E8257-829A-43DD-8843-3DB3D981FF20}.Release|Any CPU.Build.0 = Release|Any CPU
		{D44A57AC-A7B1-476F-AA06-043F40853496}.Debug|Any CPU.ActiveCfg = Debug|Any CPU
		{D44A57AC-A7B1-476F-AA06-043F40853496}.Debug|Any CPU.Build.0 = Debug|Any CPU
		{D44A57AC-A7B1-476F-AA06-043F40853496}.Release|Any CPU.ActiveCfg = Release|Any CPU
		{D44A57AC-A7B1-476F-AA06-043F40853496}.Release|Any CPU.Build.0 = Release|Any CPU
		{3E9C7F62-06A7-43A4-A2C1-96ACDC632E20}.Debug|Any CPU.ActiveCfg = Debug|Any CPU
		{3E9C7F62-06A7-43A4-A2C1-96ACDC632E20}.Debug|Any CPU.Build.0 = Debug|Any CPU
		{3E9C7F62-06A7-43A4-A2C1-96ACDC632E20}.Release|Any CPU.ActiveCfg = Release|Any CPU
		{3E9C7F62-06A7-43A4-A2C1-96ACDC632E20}.Release|Any CPU.Build.0 = Release|Any CPU
		{3BDD3BF7-29B5-4C84-BF55-89FE15C6DC88}.Debug|Any CPU.ActiveCfg = Debug|Any CPU
		{3BDD3BF7-29B5-4C84-BF55-89FE15C6DC88}.Debug|Any CPU.Build.0 = Debug|Any CPU
		{3BDD3BF7-29B5-4C84-BF55-89FE15C6DC88}.Release|Any CPU.ActiveCfg = Release|Any CPU
		{3BDD3BF7-29B5-4C84-BF55-89FE15C6DC88}.Release|Any CPU.Build.0 = Release|Any CPU
		{5452154B-F53E-4346-AD27-14C33135E9A7}.Debug|Any CPU.ActiveCfg = Debug|Any CPU
		{5452154B-F53E-4346-AD27-14C33135E9A7}.Debug|Any CPU.Build.0 = Debug|Any CPU
		{5452154B-F53E-4346-AD27-14C33135E9A7}.Release|Any CPU.ActiveCfg = Release|Any CPU
		{5452154B-F53E-4346-AD27-14C33135E9A7}.Release|Any CPU.Build.0 = Release|Any CPU
		{5BAF1D3B-B7A9-46CE-9BE8-94CC52B9C1D3}.Debug|Any CPU.ActiveCfg = Debug|Any CPU
		{5BAF1D3B-B7A9-46CE-9BE8-94CC52B9C1D3}.Debug|Any CPU.Build.0 = Debug|Any CPU
		{5BAF1D3B-B7A9-46CE-9BE8-94CC52B9C1D3}.Release|Any CPU.ActiveCfg = Release|Any CPU
		{5BAF1D3B-B7A9-46CE-9BE8-94CC52B9C1D3}.Release|Any CPU.Build.0 = Release|Any CPU
		{B51935CF-0FFC-438A-903A-0596FD507B03}.Debug|Any CPU.ActiveCfg = Debug|Any CPU
		{B51935CF-0FFC-438A-903A-0596FD507B03}.Debug|Any CPU.Build.0 = Debug|Any CPU
		{B51935CF-0FFC-438A-903A-0596FD507B03}.Release|Any CPU.ActiveCfg = Release|Any CPU
		{B51935CF-0FFC-438A-903A-0596FD507B03}.Release|Any CPU.Build.0 = Release|Any CPU
		{48314D7A-12BD-4121-AD54-15CAA1077481}.Debug|Any CPU.ActiveCfg = Debug|Any CPU
		{48314D7A-12BD-4121-AD54-15CAA1077481}.Debug|Any CPU.Build.0 = Debug|Any CPU
		{48314D7A-12BD-4121-AD54-15CAA1077481}.Release|Any CPU.ActiveCfg = Release|Any CPU
		{48314D7A-12BD-4121-AD54-15CAA1077481}.Release|Any CPU.Build.0 = Release|Any CPU
		{04B93290-BFBC-44AE-92B4-485A22B5CCD8}.Debug|Any CPU.ActiveCfg = Debug|Any CPU
		{04B93290-BFBC-44AE-92B4-485A22B5CCD8}.Debug|Any CPU.Build.0 = Debug|Any CPU
		{04B93290-BFBC-44AE-92B4-485A22B5CCD8}.Release|Any CPU.ActiveCfg = Release|Any CPU
		{04B93290-BFBC-44AE-92B4-485A22B5CCD8}.Release|Any CPU.Build.0 = Release|Any CPU
	EndGlobalSection
	GlobalSection(SolutionProperties) = preSolution
		HideSolutionNode = FALSE
	EndGlobalSection
	GlobalSection(ExtensibilityGlobals) = postSolution
		SolutionGuid = {F1207E19-626F-4B6A-BCF4-CC22BC2E8078}
	EndGlobalSection
EndGlobal
