
Microsoft Visual Studio Solution File, Format Version 12.00
# Visual Studio Version 17
VisualStudioVersion = 17.6.33829.357
MinimumVisualStudioVersion = 10.0.40219.1
Project("{9A19103F-16F7-4668-BE54-9A1E7A4F7556}") = "DbSyncKit.ConsoleApp", "DbSyncKit.ConsoleApp\DbSyncKit.ConsoleApp.csproj", "{2E2A27DC-F3D6-45FD-B818-F5DC7583FED7}"
EndProject
Project("{9A19103F-16F7-4668-BE54-9A1E7A4F7556}") = "DbSyncKit.DB", "DbSyncKit.DB\DbSyncKit.DB.csproj", "{D4F2D0D8-3024-459F-ADCB-4F7639FA9236}"
EndProject
Project("{9A19103F-16F7-4668-BE54-9A1E7A4F7556}") = "DbSyncKit.MSSQL", "DbSyncKit.MSSQL\DbSyncKit.MSSQL.csproj", "{B32501EB-DB53-46C7-88DE-A0419AF52B38}"
EndProject
Project("{9A19103F-16F7-4668-BE54-9A1E7A4F7556}") = "DbSyncKit.Test", "DbSyncKit.Test\DbSyncKit.Test.csproj", "{CD21D927-9FB0-4FEB-91B2-A2BDE5DFF91D}"
EndProject
Project("{9A19103F-16F7-4668-BE54-9A1E7A4F7556}") = "DbSyncKit.Test.SampleContract", "DbSyncKit.Test.Contracts\DbSyncKit.Test.SampleContract.csproj", "{902B8BB8-FEA5-4E1C-9151-5B919D403B26}"
EndProject
Project("{9A19103F-16F7-4668-BE54-9A1E7A4F7556}") = "DbSyncKit.MySQL", "DbSyncKit.MySQL\DbSyncKit.MySQL.csproj", "{900BF1DB-5D0E-4B6C-A933-6059D6BD4476}"
EndProject
Project("{9A19103F-16F7-4668-BE54-9A1E7A4F7556}") = "DbSyncKit.Postgre", "DbSyncKit.Postgre\DbSyncKit.Postgre.csproj", "{8F32DA53-8095-4875-8BDB-25BD1296A920}"
EndProject
Project("{9A19103F-16F7-4668-BE54-9A1E7A4F7556}") = "DbSyncKit.Core", "DbSyncKit.Core\DbSyncKit.Core.csproj", "{AC79A3B2-B2C7-4B41-8CF0-9E88F5D3F646}"
EndProject
Global
	GlobalSection(SolutionConfigurationPlatforms) = preSolution
		Debug|Any CPU = Debug|Any CPU
		Release|Any CPU = Release|Any CPU
	EndGlobalSection
	GlobalSection(ProjectConfigurationPlatforms) = postSolution
		{2E2A27DC-F3D6-45FD-B818-F5DC7583FED7}.Debug|Any CPU.ActiveCfg = Debug|Any CPU
		{2E2A27DC-F3D6-45FD-B818-F5DC7583FED7}.Debug|Any CPU.Build.0 = Debug|Any CPU
		{2E2A27DC-F3D6-45FD-B818-F5DC7583FED7}.Release|Any CPU.ActiveCfg = Release|Any CPU
		{2E2A27DC-F3D6-45FD-B818-F5DC7583FED7}.Release|Any CPU.Build.0 = Release|Any CPU
		{D4F2D0D8-3024-459F-ADCB-4F7639FA9236}.Debug|Any CPU.ActiveCfg = Debug|Any CPU
		{D4F2D0D8-3024-459F-ADCB-4F7639FA9236}.Debug|Any CPU.Build.0 = Debug|Any CPU
		{D4F2D0D8-3024-459F-ADCB-4F7639FA9236}.Release|Any CPU.ActiveCfg = Release|Any CPU
		{D4F2D0D8-3024-459F-ADCB-4F7639FA9236}.Release|Any CPU.Build.0 = Release|Any CPU
		{B32501EB-DB53-46C7-88DE-A0419AF52B38}.Debug|Any CPU.ActiveCfg = Debug|Any CPU
		{B32501EB-DB53-46C7-88DE-A0419AF52B38}.Debug|Any CPU.Build.0 = Debug|Any CPU
		{B32501EB-DB53-46C7-88DE-A0419AF52B38}.Release|Any CPU.ActiveCfg = Release|Any CPU
		{B32501EB-DB53-46C7-88DE-A0419AF52B38}.Release|Any CPU.Build.0 = Release|Any CPU
		{CD21D927-9FB0-4FEB-91B2-A2BDE5DFF91D}.Debug|Any CPU.ActiveCfg = Debug|Any CPU
		{CD21D927-9FB0-4FEB-91B2-A2BDE5DFF91D}.Debug|Any CPU.Build.0 = Debug|Any CPU
		{CD21D927-9FB0-4FEB-91B2-A2BDE5DFF91D}.Release|Any CPU.ActiveCfg = Release|Any CPU
		{CD21D927-9FB0-4FEB-91B2-A2BDE5DFF91D}.Release|Any CPU.Build.0 = Release|Any CPU
		{902B8BB8-FEA5-4E1C-9151-5B919D403B26}.Debug|Any CPU.ActiveCfg = Debug|Any CPU
		{902B8BB8-FEA5-4E1C-9151-5B919D403B26}.Debug|Any CPU.Build.0 = Debug|Any CPU
		{902B8BB8-FEA5-4E1C-9151-5B919D403B26}.Release|Any CPU.ActiveCfg = Release|Any CPU
		{902B8BB8-FEA5-4E1C-9151-5B919D403B26}.Release|Any CPU.Build.0 = Release|Any CPU
		{900BF1DB-5D0E-4B6C-A933-6059D6BD4476}.Debug|Any CPU.ActiveCfg = Debug|Any CPU
		{900BF1DB-5D0E-4B6C-A933-6059D6BD4476}.Debug|Any CPU.Build.0 = Debug|Any CPU
		{900BF1DB-5D0E-4B6C-A933-6059D6BD4476}.Release|Any CPU.ActiveCfg = Release|Any CPU
		{900BF1DB-5D0E-4B6C-A933-6059D6BD4476}.Release|Any CPU.Build.0 = Release|Any CPU
		{8F32DA53-8095-4875-8BDB-25BD1296A920}.Debug|Any CPU.ActiveCfg = Debug|Any CPU
		{8F32DA53-8095-4875-8BDB-25BD1296A920}.Debug|Any CPU.Build.0 = Debug|Any CPU
		{8F32DA53-8095-4875-8BDB-25BD1296A920}.Release|Any CPU.ActiveCfg = Release|Any CPU
		{8F32DA53-8095-4875-8BDB-25BD1296A920}.Release|Any CPU.Build.0 = Release|Any CPU
		{AC79A3B2-B2C7-4B41-8CF0-9E88F5D3F646}.Debug|Any CPU.ActiveCfg = Debug|Any CPU
		{AC79A3B2-B2C7-4B41-8CF0-9E88F5D3F646}.Debug|Any CPU.Build.0 = Debug|Any CPU
		{AC79A3B2-B2C7-4B41-8CF0-9E88F5D3F646}.Release|Any CPU.ActiveCfg = Release|Any CPU
		{AC79A3B2-B2C7-4B41-8CF0-9E88F5D3F646}.Release|Any CPU.Build.0 = Release|Any CPU
	EndGlobalSection
	GlobalSection(SolutionProperties) = preSolution
		HideSolutionNode = FALSE
	EndGlobalSection
	GlobalSection(ExtensibilityGlobals) = postSolution
		SolutionGuid = {F1207E19-626F-4B6A-BCF4-CC22BC2E8078}
	EndGlobalSection
EndGlobal
