
Microsoft Visual Studio Solution File, Format Version 12.00
# Visual Studio Version 17
VisualStudioVersion = 17.6.33829.357
MinimumVisualStudioVersion = 10.0.40219.1
Project("{9A19103F-16F7-4668-BE54-9A1E7A4F7556}") = "Sync.ConsoleApp", "Sync.ConsoleApp\Sync.ConsoleApp.csproj", "{2E2A27DC-F3D6-45FD-B818-F5DC7583FED7}"
EndProject
Project("{9A19103F-16F7-4668-BE54-9A1E7A4F7556}") = "Sync.Core", "Sync.Core\Sync.Core.csproj", "{18E00FC4-F79C-4C93-9B00-0A3BD701F375}"
EndProject
Project("{9A19103F-16F7-4668-BE54-9A1E7A4F7556}") = "Sync.DB", "Sync.DB\Sync.DB.csproj", "{D4F2D0D8-3024-459F-ADCB-4F7639FA9236}"
EndProject
Project("{9A19103F-16F7-4668-BE54-9A1E7A4F7556}") = "Sync.MSSQL", "Sync.MSSQL\Sync.MSSQL.csproj", "{B32501EB-DB53-46C7-88DE-A0419AF52B38}"
EndProject
Project("{9A19103F-16F7-4668-BE54-9A1E7A4F7556}") = "Sync.SQL", "Sync.SQL\Sync.SQL.csproj", "{8068741E-D366-47A6-92DA-07C962DD40C2}"
EndProject
Project("{9A19103F-16F7-4668-BE54-9A1E7A4F7556}") = "Sync.SQLite", "Sync.SQLite\Sync.SQLite.csproj", "{F0D44F7A-AA53-45BF-AF4D-0D83DE5FCD44}"
EndProject
Project("{9A19103F-16F7-4668-BE54-9A1E7A4F7556}") = "Sync.Test", "Sync.Test\Sync.Test.csproj", "{CD21D927-9FB0-4FEB-91B2-A2BDE5DFF91D}"
EndProject
Global
	GlobalSection(SolutionConfigurationPlatforms) = preSolution
		Debug|Any CPU = Debug|Any CPU
		Release|Any CPU = Release|Any CPU
	EndGlobalSection
	GlobalSection(ProjectConfigurationPlatforms) = postSolution
		{2E2A27DC-F3D6-45FD-B818-F5DC7583FED7}.Debug|Any CPU.ActiveCfg = Debug|Any CPU
		{2E2A27DC-F3D6-45FD-B818-F5DC7583FED7}.Debug|Any CPU.Build.0 = Debug|Any CPU
		{2E2A27DC-F3D6-45FD-B818-F5DC7583FED7}.Release|Any CPU.ActiveCfg = Release|Any CPU
		{2E2A27DC-F3D6-45FD-B818-F5DC7583FED7}.Release|Any CPU.Build.0 = Release|Any CPU
		{18E00FC4-F79C-4C93-9B00-0A3BD701F375}.Debug|Any CPU.ActiveCfg = Debug|Any CPU
		{18E00FC4-F79C-4C93-9B00-0A3BD701F375}.Debug|Any CPU.Build.0 = Debug|Any CPU
		{18E00FC4-F79C-4C93-9B00-0A3BD701F375}.Release|Any CPU.ActiveCfg = Release|Any CPU
		{18E00FC4-F79C-4C93-9B00-0A3BD701F375}.Release|Any CPU.Build.0 = Release|Any CPU
		{D4F2D0D8-3024-459F-ADCB-4F7639FA9236}.Debug|Any CPU.ActiveCfg = Debug|Any CPU
		{D4F2D0D8-3024-459F-ADCB-4F7639FA9236}.Debug|Any CPU.Build.0 = Debug|Any CPU
		{D4F2D0D8-3024-459F-ADCB-4F7639FA9236}.Release|Any CPU.ActiveCfg = Release|Any CPU
		{D4F2D0D8-3024-459F-ADCB-4F7639FA9236}.Release|Any CPU.Build.0 = Release|Any CPU
		{B32501EB-DB53-46C7-88DE-A0419AF52B38}.Debug|Any CPU.ActiveCfg = Debug|Any CPU
		{B32501EB-DB53-46C7-88DE-A0419AF52B38}.Debug|Any CPU.Build.0 = Debug|Any CPU
		{B32501EB-DB53-46C7-88DE-A0419AF52B38}.Release|Any CPU.ActiveCfg = Release|Any CPU
		{B32501EB-DB53-46C7-88DE-A0419AF52B38}.Release|Any CPU.Build.0 = Release|Any CPU
		{8068741E-D366-47A6-92DA-07C962DD40C2}.Debug|Any CPU.ActiveCfg = Debug|Any CPU
		{8068741E-D366-47A6-92DA-07C962DD40C2}.Debug|Any CPU.Build.0 = Debug|Any CPU
		{8068741E-D366-47A6-92DA-07C962DD40C2}.Release|Any CPU.ActiveCfg = Release|Any CPU
		{8068741E-D366-47A6-92DA-07C962DD40C2}.Release|Any CPU.Build.0 = Release|Any CPU
		{F0D44F7A-AA53-45BF-AF4D-0D83DE5FCD44}.Debug|Any CPU.ActiveCfg = Debug|Any CPU
		{F0D44F7A-AA53-45BF-AF4D-0D83DE5FCD44}.Debug|Any CPU.Build.0 = Debug|Any CPU
		{F0D44F7A-AA53-45BF-AF4D-0D83DE5FCD44}.Release|Any CPU.ActiveCfg = Release|Any CPU
		{F0D44F7A-AA53-45BF-AF4D-0D83DE5FCD44}.Release|Any CPU.Build.0 = Release|Any CPU
		{CD21D927-9FB0-4FEB-91B2-A2BDE5DFF91D}.Debug|Any CPU.ActiveCfg = Debug|Any CPU
		{CD21D927-9FB0-4FEB-91B2-A2BDE5DFF91D}.Debug|Any CPU.Build.0 = Debug|Any CPU
		{CD21D927-9FB0-4FEB-91B2-A2BDE5DFF91D}.Release|Any CPU.ActiveCfg = Release|Any CPU
		{CD21D927-9FB0-4FEB-91B2-A2BDE5DFF91D}.Release|Any CPU.Build.0 = Release|Any CPU
	EndGlobalSection
	GlobalSection(SolutionProperties) = preSolution
		HideSolutionNode = FALSE
	EndGlobalSection
	GlobalSection(ExtensibilityGlobals) = postSolution
		SolutionGuid = {F1207E19-626F-4B6A-BCF4-CC22BC2E8078}
	EndGlobalSection
EndGlobal
